
Microsoft Visual Studio Solution File, Format Version 12.00
# Visual Studio Version 17
VisualStudioVersion = 17.5.2.0
MinimumVisualStudioVersion = 10.0.40219.1
Project("{2150E333-8FDC-42A3-9474-1A3956D46DE8}") = "lab1", "lab1", "{ED13059D-E407-5174-3886-4FD5BEA505AB}"
EndProject
Project("{2150E333-8FDC-42A3-9474-1A3956D46DE8}") = "src", "src", "{4FD76D8D-A782-4542-F600-FEDC14639BD0}"
EndProject
Project("{FAE04EC0-301F-11D3-BF4B-00C04F79EFBC}") = "mywebapp", "lab1\src\mywebapp\mywebapp.csproj", "{7DF25C50-4E04-429D-06E8-28F2055AABA8}"
EndProject
Project("{2150E333-8FDC-42A3-9474-1A3956D46DE8}") = "tests", "tests", "{0AB3BF05-4346-4AA6-1389-037BE0695223}"
EndProject
Project("{FAE04EC0-301F-11D3-BF4B-00C04F79EFBC}") = "mywebapp.Tests", "tests\mywebapp.Tests\mywebapp.Tests.csproj", "{B501AB38-2AAD-4B53-A0A8-A37AB85244C9}"
EndProject
Global
	GlobalSection(SolutionConfigurationPlatforms) = preSolution
		Debug|Any CPU = Debug|Any CPU
		Debug|x64 = Debug|x64
		Debug|x86 = Debug|x86
		Release|Any CPU = Release|Any CPU
		Release|x64 = Release|x64
		Release|x86 = Release|x86
	EndGlobalSection
	GlobalSection(ProjectConfigurationPlatforms) = postSolution
		{7DF25C50-4E04-429D-06E8-28F2055AABA8}.Debug|Any CPU.ActiveCfg = Debug|Any CPU
		{7DF25C50-4E04-429D-06E8-28F2055AABA8}.Debug|Any CPU.Build.0 = Debug|Any CPU
		{7DF25C50-4E04-429D-06E8-28F2055AABA8}.Debug|x64.ActiveCfg = Debug|Any CPU
		{7DF25C50-4E04-429D-06E8-28F2055AABA8}.Debug|x64.Build.0 = Debug|Any CPU
		{7DF25C50-4E04-429D-06E8-28F2055AABA8}.Debug|x86.ActiveCfg = Debug|Any CPU
		{7DF25C50-4E04-429D-06E8-28F2055AABA8}.Debug|x86.Build.0 = Debug|Any CPU
		{7DF25C50-4E04-429D-06E8-28F2055AABA8}.Release|Any CPU.ActiveCfg = Release|Any CPU
		{7DF25C50-4E04-429D-06E8-28F2055AABA8}.Release|Any CPU.Build.0 = Release|Any CPU
		{7DF25C50-4E04-429D-06E8-28F2055AABA8}.Release|x64.ActiveCfg = Release|Any CPU
		{7DF25C50-4E04-429D-06E8-28F2055AABA8}.Release|x64.Build.0 = Release|Any CPU
		{7DF25C50-4E04-429D-06E8-28F2055AABA8}.Release|x86.ActiveCfg = Release|Any CPU
		{7DF25C50-4E04-429D-06E8-28F2055AABA8}.Release|x86.Build.0 = Release|Any CPU
		{B501AB38-2AAD-4B53-A0A8-A37AB85244C9}.Debug|Any CPU.ActiveCfg = Debug|Any CPU
		{B501AB38-2AAD-4B53-A0A8-A37AB85244C9}.Debug|Any CPU.Build.0 = Debug|Any CPU
		{B501AB38-2AAD-4B53-A0A8-A37AB85244C9}.Debug|x64.ActiveCfg = Debug|Any CPU
		{B501AB38-2AAD-4B53-A0A8-A37AB85244C9}.Debug|x64.Build.0 = Debug|Any CPU
		{B501AB38-2AAD-4B53-A0A8-A37AB85244C9}.Debug|x86.ActiveCfg = Debug|Any CPU
		{B501AB38-2AAD-4B53-A0A8-A37AB85244C9}.Debug|x86.Build.0 = Debug|Any CPU
		{B501AB38-2AAD-4B53-A0A8-A37AB85244C9}.Release|Any CPU.ActiveCfg = Release|Any CPU
		{B501AB38-2AAD-4B53-A0A8-A37AB85244C9}.Release|Any CPU.Build.0 = Release|Any CPU
		{B501AB38-2AAD-4B53-A0A8-A37AB85244C9}.Release|x64.ActiveCfg = Release|Any CPU
		{B501AB38-2AAD-4B53-A0A8-A37AB85244C9}.Release|x64.Build.0 = Release|Any CPU
		{B501AB38-2AAD-4B53-A0A8-A37AB85244C9}.Release|x86.ActiveCfg = Release|Any CPU
		{B501AB38-2AAD-4B53-A0A8-A37AB85244C9}.Release|x86.Build.0 = Release|Any CPU
	EndGlobalSection
	GlobalSection(SolutionProperties) = preSolution
		HideSolutionNode = FALSE
	EndGlobalSection
	GlobalSection(NestedProjects) = preSolution
		{4FD76D8D-A782-4542-F600-FEDC14639BD0} = {ED13059D-E407-5174-3886-4FD5BEA505AB}
		{7DF25C50-4E04-429D-06E8-28F2055AABA8} = {4FD76D8D-A782-4542-F600-FEDC14639BD0}
		{B501AB38-2AAD-4B53-A0A8-A37AB85244C9} = {0AB3BF05-4346-4AA6-1389-037BE0695223}
	EndGlobalSection
	GlobalSection(ExtensibilityGlobals) = postSolution
		SolutionGuid = {C04D464A-289E-47A3-AA10-6B74E471417C}
	EndGlobalSection
EndGlobal
